{
  "nodes": {
    "bitstreams-main": {
      "inputs": {
        "flakeNimbleLib": [
          "flakeNimbleLib"
        ],
        "nixpkgs": [
          "nixpkgs"
        ],
        "src-bitstreams-main": "src-bitstreams-main"
      },
      "locked": {
        "dir": "main",
        "lastModified": 1662254373,
        "narHash": "sha256-8JdehuSw6duI5rie1IWsx9X/BdmAZ/kn98oCQ77Gvg0=",
        "owner": "nim-nix-pkgs",
        "repo": "bitstreams",
        "rev": "25884591c1fe96f1e9ce28321ae2f85ecb21bfe3",
        "type": "github"
      },
      "original": {
        "dir": "main",
        "owner": "nim-nix-pkgs",
        "ref": "master",
        "repo": "bitstreams",
        "type": "github"
      }
    },
    "flakeNimbleLib": {
      "inputs": {
        "nixpkgs": [
          "nixpkgs"
        ]
      },
      "locked": {
        "lastModified": 1662018438,
        "narHash": "sha256-QtNtU6+LX3Wokxf0zlFwKTFOcn6TeDjKQZ+DA9OYtvM=",
        "owner": "riinr",
        "repo": "nim-flakes-lib",
        "rev": "b1fe8340736e3a85d25c709ac3dfd82a55c03cbf",
        "type": "github"
      },
      "original": {
        "owner": "riinr",
        "ref": "master",
        "repo": "nim-flakes-lib",
        "type": "github"
      }
    },
    "nixpkgs": {
      "locked": {
        "lastModified": 1667110639,
        "narHash": "sha256-4FbPESZ5LbqQxkJJJBAfk/zKgF9h/4kyUwjjpJwYlbc=",
        "owner": "NixOS",
        "repo": "nixpkgs",
        "rev": "f38a1f04d1bec1feb61fd101a0539ae2002a7087",
        "type": "github"
      },
      "original": {
        "id": "nixpkgs",
        "type": "indirect"
      }
    },
    "root": {
      "inputs": {
        "bitstreams-main": "bitstreams-main",
        "flakeNimbleLib": "flakeNimbleLib",
        "nixpkgs": "nixpkgs"
      }
    },
    "src-bitstreams-main": {
      "flake": false,
      "locked": {
        "lastModified": 1623116465,
        "narHash": "sha256-qjfcShJcrx4Nljx6vjkcKNw9nn5XFOaEuDwwqBVaF8o=",
        "owner": "sealmove",
        "repo": "bitstreams",
        "rev": "e346580b72616d96ac62e6d9c11d53216ea2bc0f",
        "type": "github"
      },
      "original": {
        "owner": "sealmove",
        "ref": "refs/heads/main",
        "repo": "bitstreams",
        "type": "github"
      }
    }
  },
  "root": "root",
  "version": 7
}
